
Microsoft Visual Studio Solution File, Format Version 12.00
# Visual Studio Version 16
VisualStudioVersion = 16.0.31313.79
MinimumVisualStudioVersion = 10.0.40219.1
Project("{FAE04EC0-301F-11D3-BF4B-00C04F79EFBC}") = "ListadeConvidados", "ListadeConvidados\ListadeConvidados.csproj", "{EBB4DC57-437F-4C5C-9F33-0FCC5434E5A4}"
EndProject
Global
	GlobalSection(SolutionConfigurationPlatforms) = preSolution
		Debug|Any CPU = Debug|Any CPU
		Release|Any CPU = Release|Any CPU
	EndGlobalSection
	GlobalSection(ProjectConfigurationPlatforms) = postSolution
		{EBB4DC57-437F-4C5C-9F33-0FCC5434E5A4}.Debug|Any CPU.ActiveCfg = Debug|Any CPU
		{EBB4DC57-437F-4C5C-9F33-0FCC5434E5A4}.Debug|Any CPU.Build.0 = Debug|Any CPU
		{EBB4DC57-437F-4C5C-9F33-0FCC5434E5A4}.Release|Any CPU.ActiveCfg = Release|Any CPU
		{EBB4DC57-437F-4C5C-9F33-0FCC5434E5A4}.Release|Any CPU.Build.0 = Release|Any CPU
	EndGlobalSection
	GlobalSection(SolutionProperties) = preSolution
		HideSolutionNode = FALSE
	EndGlobalSection
	GlobalSection(ExtensibilityGlobals) = postSolution
		SolutionGuid = {792F26F0-ACC6-493E-8940-202F5E21E47D}
	EndGlobalSection
EndGlobal
