
Microsoft Visual Studio Solution File, Format Version 12.00
# Visual Studio Version 16
VisualStudioVersion = 16.0.31313.79
MinimumVisualStudioVersion = 10.0.40219.1
Project("{FAE04EC0-301F-11D3-BF4B-00C04F79EFBC}") = "TesteVariavelConstante", "TesteVariavelConstante\TesteVariavelConstante.csproj", "{CD445ADE-E4D1-40D4-B7E1-614EB9A5E954}"
EndProject
Global
	GlobalSection(SolutionConfigurationPlatforms) = preSolution
		Debug|Any CPU = Debug|Any CPU
		Release|Any CPU = Release|Any CPU
	EndGlobalSection
	GlobalSection(ProjectConfigurationPlatforms) = postSolution
		{CD445ADE-E4D1-40D4-B7E1-614EB9A5E954}.Debug|Any CPU.ActiveCfg = Debug|Any CPU
		{CD445ADE-E4D1-40D4-B7E1-614EB9A5E954}.Debug|Any CPU.Build.0 = Debug|Any CPU
		{CD445ADE-E4D1-40D4-B7E1-614EB9A5E954}.Release|Any CPU.ActiveCfg = Release|Any CPU
		{CD445ADE-E4D1-40D4-B7E1-614EB9A5E954}.Release|Any CPU.Build.0 = Release|Any CPU
	EndGlobalSection
	GlobalSection(SolutionProperties) = preSolution
		HideSolutionNode = FALSE
	EndGlobalSection
	GlobalSection(ExtensibilityGlobals) = postSolution
		SolutionGuid = {23217E28-7DF8-4387-AEF4-AED01070F5C9}
	EndGlobalSection
EndGlobal
