
Microsoft Visual Studio Solution File, Format Version 12.00
# Visual Studio Version 16
VisualStudioVersion = 16.0.31321.278
MinimumVisualStudioVersion = 10.0.40219.1
Project("{FAE04EC0-301F-11D3-BF4B-00C04F79EFBC}") = "MinhaPrimeiraAPI", "MinhaPrimeiraAPI\MinhaPrimeiraAPI.csproj", "{CBFAB162-48B2-48CF-B4B9-E3C64282DFE9}"
EndProject
Global
	GlobalSection(SolutionConfigurationPlatforms) = preSolution
		Debug|Any CPU = Debug|Any CPU
		Release|Any CPU = Release|Any CPU
	EndGlobalSection
	GlobalSection(ProjectConfigurationPlatforms) = postSolution
		{CBFAB162-48B2-48CF-B4B9-E3C64282DFE9}.Debug|Any CPU.ActiveCfg = Debug|Any CPU
		{CBFAB162-48B2-48CF-B4B9-E3C64282DFE9}.Debug|Any CPU.Build.0 = Debug|Any CPU
		{CBFAB162-48B2-48CF-B4B9-E3C64282DFE9}.Release|Any CPU.ActiveCfg = Release|Any CPU
		{CBFAB162-48B2-48CF-B4B9-E3C64282DFE9}.Release|Any CPU.Build.0 = Release|Any CPU
	EndGlobalSection
	GlobalSection(SolutionProperties) = preSolution
		HideSolutionNode = FALSE
	EndGlobalSection
	GlobalSection(ExtensibilityGlobals) = postSolution
		SolutionGuid = {5B208483-D437-4298-8E25-3C5945DF895F}
	EndGlobalSection
EndGlobal
